
Microsoft Visual Studio Solution File, Format Version 12.00
# Visual Studio 15
VisualStudioVersion = 15.0.28307.1778
MinimumVisualStudioVersion = 10.0.40219.1
Project("{D2ABAB84-BF74-430A-B69E-9DC6D40DDA17}") = "MultidimensionalProject1", "MultidimensionalProject1\MultidimensionalProject1.dwproj", "{5FD40C27-AC25-41F1-88D0-82A8B14E134C}"
EndProject
Global
	GlobalSection(SolutionConfigurationPlatforms) = preSolution
		Development|Default = Development|Default
	EndGlobalSection
	GlobalSection(ProjectConfigurationPlatforms) = postSolution
		{5FD40C27-AC25-41F1-88D0-82A8B14E134C}.Development|Default.ActiveCfg = Development
		{5FD40C27-AC25-41F1-88D0-82A8B14E134C}.Development|Default.Build.0 = Development
		{5FD40C27-AC25-41F1-88D0-82A8B14E134C}.Development|Default.Deploy.0 = Development
	EndGlobalSection
	GlobalSection(SolutionProperties) = preSolution
		HideSolutionNode = FALSE
	EndGlobalSection
	GlobalSection(ExtensibilityGlobals) = postSolution
		SolutionGuid = {2C20BAF8-B0A4-4270-97ED-4A514F666352}
	EndGlobalSection
EndGlobal
